
Microsoft Visual Studio Solution File, Format Version 12.00
# Visual Studio Version 16
VisualStudioVersion = 16.0.29009.5
MinimumVisualStudioVersion = 10.0.40219.1
Project("{FAE04EC0-301F-11D3-BF4B-00C04F79EFBC}") = "DZ.HelloWorld.WebApp", "DZ.HelloWorld.WebApp\DZ.HelloWorld.WebApp.csproj", "{8931F312-84C3-4208-A256-5884922EA74C}"
EndProject
Project("{FAE04EC0-301F-11D3-BF4B-00C04F79EFBC}") = "DZ.HelloWorld.ConsoleApp", "DZ.HelloWorld.ConsoleApp\DZ.HelloWorld.ConsoleApp.csproj", "{0312245D-C925-4F3A-85F6-AC5BED8D6BE7}"
EndProject
Global
	GlobalSection(SolutionConfigurationPlatforms) = preSolution
		Debug|Any CPU = Debug|Any CPU
		Release|Any CPU = Release|Any CPU
	EndGlobalSection
	GlobalSection(ProjectConfigurationPlatforms) = postSolution
		{8931F312-84C3-4208-A256-5884922EA74C}.Debug|Any CPU.ActiveCfg = Debug|Any CPU
		{8931F312-84C3-4208-A256-5884922EA74C}.Debug|Any CPU.Build.0 = Debug|Any CPU
		{8931F312-84C3-4208-A256-5884922EA74C}.Release|Any CPU.ActiveCfg = Release|Any CPU
		{8931F312-84C3-4208-A256-5884922EA74C}.Release|Any CPU.Build.0 = Release|Any CPU
		{0312245D-C925-4F3A-85F6-AC5BED8D6BE7}.Debug|Any CPU.ActiveCfg = Debug|Any CPU
		{0312245D-C925-4F3A-85F6-AC5BED8D6BE7}.Debug|Any CPU.Build.0 = Debug|Any CPU
		{0312245D-C925-4F3A-85F6-AC5BED8D6BE7}.Release|Any CPU.ActiveCfg = Release|Any CPU
		{0312245D-C925-4F3A-85F6-AC5BED8D6BE7}.Release|Any CPU.Build.0 = Release|Any CPU
	EndGlobalSection
	GlobalSection(SolutionProperties) = preSolution
		HideSolutionNode = FALSE
	EndGlobalSection
	GlobalSection(ExtensibilityGlobals) = postSolution
		SolutionGuid = {A0FAD2F6-36A3-4F56-ABD2-1DCE5B7E7EEE}
	EndGlobalSection
EndGlobal
